{
  "version": 4,
  "terraform_version": "1.1.6",
  "serial": 2036,
  "lineage": "81795261-caa4-54f0-91f1-faa4f73ef275",
  "outputs": {
    "dc-hostname": {
      "value": "dc",
      "type": "string"
    },
    "ip-whitelist": {
      "value": "49.37.41.37",
      "type": "string"
    },
    "linux-password": {
      "value": "v6g10q?dPLR3d2#4",
      "type": "string"
    },
    "linux-user": {
      "value": "linuxadmin",
      "type": "string"
    },
    "public-ip": {
      "value": "20.211.160.31",
      "type": "string"
    },
    "public-ip-dns": {
      "value": "adlabforazure.australiaeast.cloudapp.azure.com",
      "type": "string"
    },
    "public-ip-nat": {
      "value": "20.211.160.27",
      "type": "string"
    },
    "region": {
      "value": "australiaeast",
      "type": "string"
    },
    "server-hostname": {
      "value": "server-2019",
      "type": "string"
    },
    "windows-domain": {
      "value": "aurora.local",
      "type": "string"
    },
    "windows-user": {
      "value": "windowsadmin",
      "type": "string"
    }
  },
  "resources": [
    {
      "mode": "data",
      "type": "http",
      "name": "public-ip",
      "provider": "provider[\"registry.terraform.io/hashicorp/http\"]",
      "instances": [
        {
          "schema_version": 0,
          "attributes": {
            "body": "49.37.41.37\n",
            "id": "http://ipv4.icanhazip.com",
            "request_headers": null,
            "response_headers": {
              "Access-Control-Allow-Methods": "GET",
              "Access-Control-Allow-Origin": "*",
              "Alt-Svc": "h3=\":443\"; ma=86400, h3-29=\":443\"; ma=86400",
              "Cf-Ray": "702ab0290c3393c8-CCU",
              "Connection": "keep-alive",
              "Content-Length": "12",
              "Content-Type": "text/plain",
              "Date": "Wed, 27 Apr 2022 21:35:28 GMT",
              "Server": "cloudflare",
              "Set-Cookie": "__cf_bm=iLFBXvPlIK3C2yf6TYcXBOhh6ER2Ms1wvtrCOAhHneM-1651095328-0-AbBGyCgc1XBMXHP7RHn8X3fBv6xMlFyE2UyzY7fiGLNTyZ/BGE8X9br0W5GX8d7WMmWnxceHQ7NGoE/DJq4FGZc=; path=/; expires=Wed, 27-Apr-22 22:05:28 GMT; domain=.icanhazip.com; HttpOnly; SameSite=None",
              "Vary": "Accept-Encoding"
            },
            "url": "http://ipv4.icanhazip.com"
          },
          "sensitive_attributes": []
        }
      ]
    },
    {
      "mode": "managed",
      "type": "azurerm_lb",
      "name": "ad-cloudlab-lb",
      "provider": "provider[\"registry.terraform.io/hashicorp/azurerm\"]",
      "instances": [
        {
          "schema_version": 0,
          "attributes": {
            "edge_zone": "",
            "frontend_ip_configuration": [
              {
                "gateway_load_balancer_frontend_ip_configuration_id": "",
                "id": "/subscriptions/fa1350e2-c3a5-453e-ba0f-ff5e7e994a49/resourceGroups/ad-cloud-lab/providers/Microsoft.Network/loadBalancers/ad-cloudlab-load-balancer/frontendIPConfigurations/ad-cloudlab-lb-ip-public",
                "inbound_nat_rules": [
                  "/subscriptions/fa1350e2-c3a5-453e-ba0f-ff5e7e994a49/resourceGroups/ad-cloud-lab/providers/Microsoft.Network/loadBalancers/ad-cloudlab-load-balancer/inboundNatRules/HTTPAccess",
                  "/subscriptions/fa1350e2-c3a5-453e-ba0f-ff5e7e994a49/resourceGroups/ad-cloud-lab/providers/Microsoft.Network/loadBalancers/ad-cloudlab-load-balancer/inboundNatRules/RDPAccess",
                  "/subscriptions/fa1350e2-c3a5-453e-ba0f-ff5e7e994a49/resourceGroups/ad-cloud-lab/providers/Microsoft.Network/loadBalancers/ad-cloudlab-load-balancer/inboundNatRules/SSHAccess"
                ],
                "load_balancer_rules": [],
                "name": "ad-cloudlab-lb-ip-public",
                "outbound_rules": [],
                "private_ip_address": "",
                "private_ip_address_allocation": "Dynamic",
                "private_ip_address_version": "",
                "public_ip_address_id": "/subscriptions/fa1350e2-c3a5-453e-ba0f-ff5e7e994a49/resourceGroups/ad-cloud-lab/providers/Microsoft.Network/publicIPAddresses/ad-cloudlab-ip",
                "public_ip_prefix_id": "",
                "subnet_id": "",
                "zones": []
              }
            ],
            "id": "/subscriptions/fa1350e2-c3a5-453e-ba0f-ff5e7e994a49/resourceGroups/ad-cloud-lab/providers/Microsoft.Network/loadBalancers/ad-cloudlab-load-balancer",
            "location": "australiaeast",
            "name": "ad-cloudlab-load-balancer",
            "private_ip_address": "",
            "private_ip_addresses": [],
            "resource_group_name": "ad-cloud-lab",
            "sku": "Standard",
            "sku_tier": "Regional",
            "tags": {},
            "timeouts": null
          },
          "sensitive_attributes": [],
          "private": "eyJlMmJmYjczMC1lY2FhLTExZTYtOGY4OC0zNDM2M2JjN2M0YzAiOnsiY3JlYXRlIjoxODAwMDAwMDAwMDAwLCJkZWxldGUiOjE4MDAwMDAwMDAwMDAsInJlYWQiOjMwMDAwMDAwMDAwMCwidXBkYXRlIjoxODAwMDAwMDAwMDAwfX0=",
          "dependencies": [
            "azurerm_public_ip.ad-cloudlab-ip",
            "azurerm_resource_group.main"
          ]
        }
      ]
    },
    {
      "mode": "managed",
      "type": "azurerm_lb_nat_rule",
      "name": "ad-cloudlab-lb-nat-http",
      "provider": "provider[\"registry.terraform.io/hashicorp/azurerm\"]",
      "instances": [
        {
          "schema_version": 0,
          "attributes": {
            "backend_ip_configuration_id": "",
            "backend_port": 80,
            "enable_floating_ip": false,
            "enable_tcp_reset": false,
            "frontend_ip_configuration_id": "/subscriptions/fa1350e2-c3a5-453e-ba0f-ff5e7e994a49/resourceGroups/ad-cloud-lab/providers/Microsoft.Network/loadBalancers/ad-cloudlab-load-balancer/frontendIPConfigurations/ad-cloudlab-lb-ip-public",
            "frontend_ip_configuration_name": "ad-cloudlab-lb-ip-public",
            "frontend_port": 80,
            "id": "/subscriptions/fa1350e2-c3a5-453e-ba0f-ff5e7e994a49/resourceGroups/ad-cloud-lab/providers/Microsoft.Network/loadBalancers/ad-cloudlab-load-balancer/inboundNatRules/HTTPAccess",
            "idle_timeout_in_minutes": 4,
            "loadbalancer_id": "/subscriptions/fa1350e2-c3a5-453e-ba0f-ff5e7e994a49/resourceGroups/ad-cloud-lab/providers/Microsoft.Network/loadBalancers/ad-cloudlab-load-balancer",
            "name": "HTTPAccess",
            "protocol": "Tcp",
            "resource_group_name": "ad-cloud-lab",
            "timeouts": null
          },
          "sensitive_attributes": [],
          "private": "eyJlMmJmYjczMC1lY2FhLTExZTYtOGY4OC0zNDM2M2JjN2M0YzAiOnsiY3JlYXRlIjoxODAwMDAwMDAwMDAwLCJkZWxldGUiOjE4MDAwMDAwMDAwMDAsInJlYWQiOjMwMDAwMDAwMDAwMCwidXBkYXRlIjoxODAwMDAwMDAwMDAwfX0=",
          "dependencies": [
            "azurerm_lb.ad-cloudlab-lb",
            "azurerm_public_ip.ad-cloudlab-ip",
            "azurerm_resource_group.main"
          ]
        }
      ]
    },
    {
      "mode": "managed",
      "type": "azurerm_lb_nat_rule",
      "name": "ad-cloudlab-lb-nat-rdp",
      "provider": "provider[\"registry.terraform.io/hashicorp/azurerm\"]",
      "instances": [
        {
          "schema_version": 0,
          "attributes": {
            "backend_ip_configuration_id": "",
            "backend_port": 3389,
            "enable_floating_ip": false,
            "enable_tcp_reset": false,
            "frontend_ip_configuration_id": "/subscriptions/fa1350e2-c3a5-453e-ba0f-ff5e7e994a49/resourceGroups/ad-cloud-lab/providers/Microsoft.Network/loadBalancers/ad-cloudlab-load-balancer/frontendIPConfigurations/ad-cloudlab-lb-ip-public",
            "frontend_ip_configuration_name": "ad-cloudlab-lb-ip-public",
            "frontend_port": 3389,
            "id": "/subscriptions/fa1350e2-c3a5-453e-ba0f-ff5e7e994a49/resourceGroups/ad-cloud-lab/providers/Microsoft.Network/loadBalancers/ad-cloudlab-load-balancer/inboundNatRules/RDPAccess",
            "idle_timeout_in_minutes": 4,
            "loadbalancer_id": "/subscriptions/fa1350e2-c3a5-453e-ba0f-ff5e7e994a49/resourceGroups/ad-cloud-lab/providers/Microsoft.Network/loadBalancers/ad-cloudlab-load-balancer",
            "name": "RDPAccess",
            "protocol": "Tcp",
            "resource_group_name": "ad-cloud-lab",
            "timeouts": null
          },
          "sensitive_attributes": [],
          "private": "eyJlMmJmYjczMC1lY2FhLTExZTYtOGY4OC0zNDM2M2JjN2M0YzAiOnsiY3JlYXRlIjoxODAwMDAwMDAwMDAwLCJkZWxldGUiOjE4MDAwMDAwMDAwMDAsInJlYWQiOjMwMDAwMDAwMDAwMCwidXBkYXRlIjoxODAwMDAwMDAwMDAwfX0=",
          "dependencies": [
            "azurerm_lb.ad-cloudlab-lb",
            "azurerm_public_ip.ad-cloudlab-ip",
            "azurerm_resource_group.main"
          ]
        }
      ]
    },
    {
      "mode": "managed",
      "type": "azurerm_lb_nat_rule",
      "name": "ad-cloudlab-lb-nat-ssh",
      "provider": "provider[\"registry.terraform.io/hashicorp/azurerm\"]",
      "instances": [
        {
          "schema_version": 0,
          "attributes": {
            "backend_ip_configuration_id": "/subscriptions/fa1350e2-c3a5-453e-ba0f-ff5e7e994a49/resourceGroups/ad-cloud-lab/providers/Microsoft.Network/networkInterfaces/ad-cloudlab-vm-jumpbox-nic/ipConfigurations/ad-cloudlab-vm-jumpbox-config",
            "backend_port": 22,
            "enable_floating_ip": false,
            "enable_tcp_reset": false,
            "frontend_ip_configuration_id": "/subscriptions/fa1350e2-c3a5-453e-ba0f-ff5e7e994a49/resourceGroups/ad-cloud-lab/providers/Microsoft.Network/loadBalancers/ad-cloudlab-load-balancer/frontendIPConfigurations/ad-cloudlab-lb-ip-public",
            "frontend_ip_configuration_name": "ad-cloudlab-lb-ip-public",
            "frontend_port": 22,
            "id": "/subscriptions/fa1350e2-c3a5-453e-ba0f-ff5e7e994a49/resourceGroups/ad-cloud-lab/providers/Microsoft.Network/loadBalancers/ad-cloudlab-load-balancer/inboundNatRules/SSHAccess",
            "idle_timeout_in_minutes": 4,
            "loadbalancer_id": "/subscriptions/fa1350e2-c3a5-453e-ba0f-ff5e7e994a49/resourceGroups/ad-cloud-lab/providers/Microsoft.Network/loadBalancers/ad-cloudlab-load-balancer",
            "name": "SSHAccess",
            "protocol": "Tcp",
            "resource_group_name": "ad-cloud-lab",
            "timeouts": null
          },
          "sensitive_attributes": [],
          "private": "eyJlMmJmYjczMC1lY2FhLTExZTYtOGY4OC0zNDM2M2JjN2M0YzAiOnsiY3JlYXRlIjoxODAwMDAwMDAwMDAwLCJkZWxldGUiOjE4MDAwMDAwMDAwMDAsInJlYWQiOjMwMDAwMDAwMDAwMCwidXBkYXRlIjoxODAwMDAwMDAwMDAwfX0=",
          "dependencies": [
            "azurerm_lb.ad-cloudlab-lb",
            "azurerm_public_ip.ad-cloudlab-ip",
            "azurerm_resource_group.main"
          ]
        }
      ]
    },
    {
      "mode": "managed",
      "type": "azurerm_linux_virtual_machine",
      "name": "ad-cloudlab-vm-jumpbox",
      "provider": "provider[\"registry.terraform.io/hashicorp/azurerm\"]",
      "instances": [
        {
          "schema_version": 0,
          "attributes": {
            "additional_capabilities": [],
            "admin_password": "v6g10q?dPLR3d2#4",
            "admin_ssh_key": [],
            "admin_username": "linuxadmin",
            "allow_extension_operations": true,
            "availability_set_id": "",
            "boot_diagnostics": [],
            "computer_name": "jumpbox",
            "custom_data": null,
            "dedicated_host_group_id": "",
            "dedicated_host_id": "",
            "disable_password_authentication": false,
            "edge_zone": "",
            "encryption_at_host_enabled": false,
            "eviction_policy": "",
            "extensions_time_budget": "PT1H30M",
            "id": "/subscriptions/fa1350e2-c3a5-453e-ba0f-ff5e7e994a49/resourceGroups/ad-cloud-lab/providers/Microsoft.Compute/virtualMachines/ad-cloudlab-vm-jumpbox",
            "identity": [],
            "license_type": "",
            "location": "australiaeast",
            "max_bid_price": -1,
            "name": "ad-cloudlab-vm-jumpbox",
            "network_interface_ids": [
              "/subscriptions/fa1350e2-c3a5-453e-ba0f-ff5e7e994a49/resourceGroups/ad-cloud-lab/providers/Microsoft.Network/networkInterfaces/ad-cloudlab-vm-jumpbox-nic"
            ],
            "os_disk": [
              {
                "caching": "ReadWrite",
                "diff_disk_settings": [],
                "disk_encryption_set_id": "",
                "disk_size_gb": 30,
                "name": "ad-cloudlab-vm-jumpbox-osdisk",
                "storage_account_type": "StandardSSD_LRS",
                "write_accelerator_enabled": false
              }
            ],
            "patch_mode": "ImageDefault",
            "plan": [],
            "platform_fault_domain": -1,
            "priority": "Regular",
            "private_ip_address": "10.0.0.10",
            "private_ip_addresses": [
              "10.0.0.10"
            ],
            "provision_vm_agent": true,
            "proximity_placement_group_id": "",
            "public_ip_address": "",
            "public_ip_addresses": [],
            "resource_group_name": "ad-cloud-lab",
            "secret": [],
            "secure_boot_enabled": false,
            "size": "Standard_D2as_v4",
            "source_image_id": "",
            "source_image_reference": [
              {
                "offer": "debian-11",
                "publisher": "Debian",
                "sku": "11-gen2",
                "version": "latest"
              }
            ],
            "tags": {},
            "termination_notification": [],
            "timeouts": null,
            "user_data": "",
            "virtual_machine_id": "f867a0fb-ba90-45f7-971d-4e32b8d89ef7",
            "virtual_machine_scale_set_id": "",
            "vtpm_enabled": false,
            "zone": ""
          },
          "sensitive_attributes": [],
          "private": "eyJlMmJmYjczMC1lY2FhLTExZTYtOGY4OC0zNDM2M2JjN2M0YzAiOnsiY3JlYXRlIjoyNzAwMDAwMDAwMDAwLCJkZWxldGUiOjI3MDAwMDAwMDAwMDAsInJlYWQiOjMwMDAwMDAwMDAwMCwidXBkYXRlIjoyNzAwMDAwMDAwMDAwfX0=",
          "dependencies": [
            "azurerm_nat_gateway.ad-cloudlab-nat-gateway",
            "azurerm_network_interface.ad-cloudlab-vm-dc-nic",
            "azurerm_network_interface.ad-cloudlab-vm-jumpbox-nic",
            "azurerm_network_interface.ad-cloudlab-vm-server1-nic",
            "azurerm_resource_group.main",
            "azurerm_subnet.ad-cloudlab-subnet",
            "azurerm_virtual_network.ad-cloudlab-vnet",
            "azurerm_windows_virtual_machine.ad-cloudlab-vm-dc",
            "azurerm_windows_virtual_machine.ad-cloudlab-vm-server1",
            "random_string.linux_password"
          ]
        }
      ]
    },
    {
      "mode": "managed",
      "type": "azurerm_nat_gateway",
      "name": "ad-cloudlab-nat-gateway",
      "provider": "provider[\"registry.terraform.io/hashicorp/azurerm\"]",
      "instances": [
        {
          "schema_version": 0,
          "attributes": {
            "id": "/subscriptions/fa1350e2-c3a5-453e-ba0f-ff5e7e994a49/resourceGroups/ad-cloud-lab/providers/Microsoft.Network/natGateways/ad-cloudlab-nat-gateway",
            "idle_timeout_in_minutes": 4,
            "location": "australiaeast",
            "name": "ad-cloudlab-nat-gateway",
            "resource_group_name": "ad-cloud-lab",
            "resource_guid": "42907468-7567-44b4-9098-35555be5bdff",
            "sku_name": "Standard",
            "tags": {},
            "timeouts": null,
            "zones": []
          },
          "sensitive_attributes": [],
          "private": "eyJlMmJmYjczMC1lY2FhLTExZTYtOGY4OC0zNDM2M2JjN2M0YzAiOnsiY3JlYXRlIjozNjAwMDAwMDAwMDAwLCJkZWxldGUiOjM2MDAwMDAwMDAwMDAsInJlYWQiOjMwMDAwMDAwMDAwMCwidXBkYXRlIjozNjAwMDAwMDAwMDAwfX0=",
          "dependencies": [
            "azurerm_resource_group.main"
          ]
        }
      ]
    },
    {
      "mode": "managed",
      "type": "azurerm_nat_gateway_public_ip_association",
      "name": "cloudlabs-nat-gateway-ip",
      "provider": "provider[\"registry.terraform.io/hashicorp/azurerm\"]",
      "instances": [
        {
          "schema_version": 0,
          "attributes": {
            "id": "/subscriptions/fa1350e2-c3a5-453e-ba0f-ff5e7e994a49/resourceGroups/ad-cloud-lab/providers/Microsoft.Network/natGateways/ad-cloudlab-nat-gateway|/subscriptions/fa1350e2-c3a5-453e-ba0f-ff5e7e994a49/resourceGroups/ad-cloud-lab/providers/Microsoft.Network/publicIPAddresses/ad-cloudlab-ip-nat",
            "nat_gateway_id": "/subscriptions/fa1350e2-c3a5-453e-ba0f-ff5e7e994a49/resourceGroups/ad-cloud-lab/providers/Microsoft.Network/natGateways/ad-cloudlab-nat-gateway",
            "public_ip_address_id": "/subscriptions/fa1350e2-c3a5-453e-ba0f-ff5e7e994a49/resourceGroups/ad-cloud-lab/providers/Microsoft.Network/publicIPAddresses/ad-cloudlab-ip-nat",
            "timeouts": null
          },
          "sensitive_attributes": [],
          "private": "eyJlMmJmYjczMC1lY2FhLTExZTYtOGY4OC0zNDM2M2JjN2M0YzAiOnsiY3JlYXRlIjoxODAwMDAwMDAwMDAwLCJkZWxldGUiOjE4MDAwMDAwMDAwMDAsInJlYWQiOjMwMDAwMDAwMDAwMH19",
          "dependencies": [
            "azurerm_nat_gateway.ad-cloudlab-nat-gateway",
            "azurerm_public_ip.ad-cloudlab-ip-nat",
            "azurerm_resource_group.main"
          ]
        }
      ]
    },
    {
      "mode": "managed",
      "type": "azurerm_network_interface",
      "name": "ad-cloudlab-vm-dc-nic",
      "provider": "provider[\"registry.terraform.io/hashicorp/azurerm\"]",
      "instances": [
        {
          "schema_version": 0,
          "attributes": {
            "applied_dns_servers": [],
            "dns_servers": [],
            "edge_zone": "",
            "enable_accelerated_networking": false,
            "enable_ip_forwarding": false,
            "id": "/subscriptions/fa1350e2-c3a5-453e-ba0f-ff5e7e994a49/resourceGroups/ad-cloud-lab/providers/Microsoft.Network/networkInterfaces/ad-cloudlab-vm-dc-nic",
            "internal_dns_name_label": "",
            "internal_domain_name_suffix": "z03wxsrmhhwu3crl23nzndwbge.px.internal.cloudapp.net",
            "ip_configuration": [
              {
                "gateway_load_balancer_frontend_ip_configuration_id": "",
                "name": "ad-cloudlab-vm-dc-config",
                "primary": true,
                "private_ip_address": "10.0.0.9",
                "private_ip_address_allocation": "Static",
                "private_ip_address_version": "IPv4",
                "public_ip_address_id": "",
                "subnet_id": "/subscriptions/fa1350e2-c3a5-453e-ba0f-ff5e7e994a49/resourceGroups/ad-cloud-lab/providers/Microsoft.Network/virtualNetworks/ad-cloudlab-vnet/subnets/ad-cloudlab-subnet"
              }
            ],
            "location": "australiaeast",
            "mac_address": "00-22-48-11-D0-71",
            "name": "ad-cloudlab-vm-dc-nic",
            "private_ip_address": "10.0.0.9",
            "private_ip_addresses": [
              "10.0.0.9"
            ],
            "resource_group_name": "ad-cloud-lab",
            "tags": {},
            "timeouts": null,
            "virtual_machine_id": "/subscriptions/fa1350e2-c3a5-453e-ba0f-ff5e7e994a49/resourceGroups/ad-cloud-lab/providers/Microsoft.Compute/virtualMachines/ad-cloudlab-vm-dc"
          },
          "sensitive_attributes": [],
          "private": "eyJlMmJmYjczMC1lY2FhLTExZTYtOGY4OC0zNDM2M2JjN2M0YzAiOnsiY3JlYXRlIjoxODAwMDAwMDAwMDAwLCJkZWxldGUiOjE4MDAwMDAwMDAwMDAsInJlYWQiOjMwMDAwMDAwMDAwMCwidXBkYXRlIjoxODAwMDAwMDAwMDAwfX0=",
          "dependencies": [
            "azurerm_resource_group.main",
            "azurerm_subnet.ad-cloudlab-subnet",
            "azurerm_virtual_network.ad-cloudlab-vnet"
          ]
        }
      ]
    },
    {
      "mode": "managed",
      "type": "azurerm_network_interface",
      "name": "ad-cloudlab-vm-jumpbox-nic",
      "provider": "provider[\"registry.terraform.io/hashicorp/azurerm\"]",
      "instances": [
        {
          "schema_version": 0,
          "attributes": {
            "applied_dns_servers": [],
            "dns_servers": [],
            "edge_zone": "",
            "enable_accelerated_networking": false,
            "enable_ip_forwarding": false,
            "id": "/subscriptions/fa1350e2-c3a5-453e-ba0f-ff5e7e994a49/resourceGroups/ad-cloud-lab/providers/Microsoft.Network/networkInterfaces/ad-cloudlab-vm-jumpbox-nic",
            "internal_dns_name_label": "",
            "internal_domain_name_suffix": "z03wxsrmhhwu3crl23nzndwbge.px.internal.cloudapp.net",
            "ip_configuration": [
              {
                "gateway_load_balancer_frontend_ip_configuration_id": "",
                "name": "ad-cloudlab-vm-jumpbox-config",
                "primary": true,
                "private_ip_address": "10.0.0.10",
                "private_ip_address_allocation": "Static",
                "private_ip_address_version": "IPv4",
                "public_ip_address_id": "",
                "subnet_id": "/subscriptions/fa1350e2-c3a5-453e-ba0f-ff5e7e994a49/resourceGroups/ad-cloud-lab/providers/Microsoft.Network/virtualNetworks/ad-cloudlab-vnet/subnets/ad-cloudlab-subnet"
              }
            ],
            "location": "australiaeast",
            "mac_address": "00-22-48-93-63-1D",
            "name": "ad-cloudlab-vm-jumpbox-nic",
            "private_ip_address": "10.0.0.10",
            "private_ip_addresses": [
              "10.0.0.10"
            ],
            "resource_group_name": "ad-cloud-lab",
            "tags": {},
            "timeouts": null,
            "virtual_machine_id": "/subscriptions/fa1350e2-c3a5-453e-ba0f-ff5e7e994a49/resourceGroups/ad-cloud-lab/providers/Microsoft.Compute/virtualMachines/ad-cloudlab-vm-jumpbox"
          },
          "sensitive_attributes": [],
          "private": "eyJlMmJmYjczMC1lY2FhLTExZTYtOGY4OC0zNDM2M2JjN2M0YzAiOnsiY3JlYXRlIjoxODAwMDAwMDAwMDAwLCJkZWxldGUiOjE4MDAwMDAwMDAwMDAsInJlYWQiOjMwMDAwMDAwMDAwMCwidXBkYXRlIjoxODAwMDAwMDAwMDAwfX0=",
          "dependencies": [
            "azurerm_resource_group.main",
            "azurerm_subnet.ad-cloudlab-subnet",
            "azurerm_virtual_network.ad-cloudlab-vnet"
          ]
        }
      ]
    },
    {
      "mode": "managed",
      "type": "azurerm_network_interface",
      "name": "ad-cloudlab-vm-server1-nic",
      "provider": "provider[\"registry.terraform.io/hashicorp/azurerm\"]",
      "instances": [
        {
          "schema_version": 0,
          "attributes": {
            "applied_dns_servers": [],
            "dns_servers": [],
            "edge_zone": "",
            "enable_accelerated_networking": false,
            "enable_ip_forwarding": false,
            "id": "/subscriptions/fa1350e2-c3a5-453e-ba0f-ff5e7e994a49/resourceGroups/ad-cloud-lab/providers/Microsoft.Network/networkInterfaces/ad-cloudlab-vm-server1-nic",
            "internal_dns_name_label": "",
            "internal_domain_name_suffix": "z03wxsrmhhwu3crl23nzndwbge.px.internal.cloudapp.net",
            "ip_configuration": [
              {
                "gateway_load_balancer_frontend_ip_configuration_id": "",
                "name": "ad-cloudlab-vm-server1-config",
                "primary": true,
                "private_ip_address": "10.0.0.19",
                "private_ip_address_allocation": "Static",
                "private_ip_address_version": "IPv4",
                "public_ip_address_id": "",
                "subnet_id": "/subscriptions/fa1350e2-c3a5-453e-ba0f-ff5e7e994a49/resourceGroups/ad-cloud-lab/providers/Microsoft.Network/virtualNetworks/ad-cloudlab-vnet/subnets/ad-cloudlab-subnet"
              }
            ],
            "location": "australiaeast",
            "mac_address": "00-22-48-91-E7-F7",
            "name": "ad-cloudlab-vm-server1-nic",
            "private_ip_address": "10.0.0.19",
            "private_ip_addresses": [
              "10.0.0.19"
            ],
            "resource_group_name": "ad-cloud-lab",
            "tags": {},
            "timeouts": null,
            "virtual_machine_id": "/subscriptions/fa1350e2-c3a5-453e-ba0f-ff5e7e994a49/resourceGroups/ad-cloud-lab/providers/Microsoft.Compute/virtualMachines/ad-cloudlab-vm-server1"
          },
          "sensitive_attributes": [],
          "private": "eyJlMmJmYjczMC1lY2FhLTExZTYtOGY4OC0zNDM2M2JjN2M0YzAiOnsiY3JlYXRlIjoxODAwMDAwMDAwMDAwLCJkZWxldGUiOjE4MDAwMDAwMDAwMDAsInJlYWQiOjMwMDAwMDAwMDAwMCwidXBkYXRlIjoxODAwMDAwMDAwMDAwfX0=",
          "dependencies": [
            "azurerm_resource_group.main",
            "azurerm_subnet.ad-cloudlab-subnet",
            "azurerm_virtual_network.ad-cloudlab-vnet"
          ]
        }
      ]
    },
    {
      "mode": "managed",
      "type": "azurerm_network_interface_nat_rule_association",
      "name": "ad-cloudlab-vm-jumpbox-nic-nat",
      "provider": "provider[\"registry.terraform.io/hashicorp/azurerm\"]",
      "instances": [
        {
          "schema_version": 0,
          "attributes": {
            "id": "/subscriptions/fa1350e2-c3a5-453e-ba0f-ff5e7e994a49/resourceGroups/ad-cloud-lab/providers/Microsoft.Network/networkInterfaces/ad-cloudlab-vm-jumpbox-nic/ipConfigurations/ad-cloudlab-vm-jumpbox-config|/subscriptions/fa1350e2-c3a5-453e-ba0f-ff5e7e994a49/resourceGroups/ad-cloud-lab/providers/Microsoft.Network/loadBalancers/ad-cloudlab-load-balancer/inboundNatRules/SSHAccess",
            "ip_configuration_name": "ad-cloudlab-vm-jumpbox-config",
            "nat_rule_id": "/subscriptions/fa1350e2-c3a5-453e-ba0f-ff5e7e994a49/resourceGroups/ad-cloud-lab/providers/Microsoft.Network/loadBalancers/ad-cloudlab-load-balancer/inboundNatRules/SSHAccess",
            "network_interface_id": "/subscriptions/fa1350e2-c3a5-453e-ba0f-ff5e7e994a49/resourceGroups/ad-cloud-lab/providers/Microsoft.Network/networkInterfaces/ad-cloudlab-vm-jumpbox-nic",
            "timeouts": null
          },
          "sensitive_attributes": [],
          "private": "eyJlMmJmYjczMC1lY2FhLTExZTYtOGY4OC0zNDM2M2JjN2M0YzAiOnsiY3JlYXRlIjoxODAwMDAwMDAwMDAwLCJkZWxldGUiOjE4MDAwMDAwMDAwMDAsInJlYWQiOjMwMDAwMDAwMDAwMCwidXBkYXRlIjoxODAwMDAwMDAwMDAwfX0=",
          "dependencies": [
            "azurerm_lb.ad-cloudlab-lb",
            "azurerm_lb_nat_rule.ad-cloudlab-lb-nat-ssh",
            "azurerm_network_interface.ad-cloudlab-vm-jumpbox-nic",
            "azurerm_public_ip.ad-cloudlab-ip",
            "azurerm_resource_group.main",
            "azurerm_subnet.ad-cloudlab-subnet",
            "azurerm_virtual_network.ad-cloudlab-vnet"
          ]
        }
      ]
    },
    {
      "mode": "managed",
      "type": "azurerm_network_security_group",
      "name": "ad-cloudlab-nsg",
      "provider": "provider[\"registry.terraform.io/hashicorp/azurerm\"]",
      "instances": [
        {
          "schema_version": 0,
          "attributes": {
            "id": "/subscriptions/fa1350e2-c3a5-453e-ba0f-ff5e7e994a49/resourceGroups/ad-cloud-lab/providers/Microsoft.Network/networkSecurityGroups/ad-cloudlab-nsg",
            "location": "australiaeast",
            "name": "ad-cloudlab-nsg",
            "resource_group_name": "ad-cloud-lab",
            "security_rule": [
              {
                "access": "Allow",
                "description": "",
                "destination_address_prefix": "*",
                "destination_address_prefixes": [],
                "destination_application_security_group_ids": [],
                "destination_port_range": "22",
                "destination_port_ranges": [],
                "direction": "Inbound",
                "name": "SSH",
                "priority": 100,
                "protocol": "Tcp",
                "source_address_prefix": "",
                "source_address_prefixes": [
                  "49.37.41.37"
                ],
                "source_application_security_group_ids": [],
                "source_port_range": "*",
                "source_port_ranges": []
              },
              {
                "access": "Allow",
                "description": "",
                "destination_address_prefix": "*",
                "destination_address_prefixes": [],
                "destination_application_security_group_ids": [],
                "destination_port_range": "3389",
                "destination_port_ranges": [],
                "direction": "Inbound",
                "name": "RDP",
                "priority": 102,
                "protocol": "Tcp",
                "source_address_prefix": "",
                "source_address_prefixes": [
                  "49.37.41.37"
                ],
                "source_application_security_group_ids": [],
                "source_port_range": "*",
                "source_port_ranges": []
              },
              {
                "access": "Allow",
                "description": "",
                "destination_address_prefix": "*",
                "destination_address_prefixes": [],
                "destination_application_security_group_ids": [],
                "destination_port_range": "80",
                "destination_port_ranges": [],
                "direction": "Inbound",
                "name": "HTTP",
                "priority": 101,
                "protocol": "Tcp",
                "source_address_prefix": "",
                "source_address_prefixes": [
                  "49.37.41.37"
                ],
                "source_application_security_group_ids": [],
                "source_port_range": "*",
                "source_port_ranges": []
              },
              {
                "access": "Allow",
                "description": null,
                "destination_address_prefix": "*",
                "destination_address_prefixes": [],
                "destination_application_security_group_ids": [],
                "destination_port_range": "*",
                "destination_port_ranges": [],
                "direction": "Inbound",
                "name": "Internal",
                "priority": 103,
                "protocol": "Tcp",
                "source_address_prefix": "10.0.0.0/24",
                "source_address_prefixes": [],
                "source_application_security_group_ids": [],
                "source_port_range": "*",
                "source_port_ranges": []
              }
            ],
            "tags": {},
            "timeouts": null
          },
          "sensitive_attributes": [],
          "private": "eyJlMmJmYjczMC1lY2FhLTExZTYtOGY4OC0zNDM2M2JjN2M0YzAiOnsiY3JlYXRlIjoxODAwMDAwMDAwMDAwLCJkZWxldGUiOjE4MDAwMDAwMDAwMDAsInJlYWQiOjMwMDAwMDAwMDAwMCwidXBkYXRlIjoxODAwMDAwMDAwMDAwfX0=",
          "dependencies": [
            "azurerm_resource_group.main"
          ]
        }
      ]
    },
    {
      "mode": "managed",
      "type": "azurerm_public_ip",
      "name": "ad-cloudlab-ip",
      "provider": "provider[\"registry.terraform.io/hashicorp/azurerm\"]",
      "instances": [
        {
          "schema_version": 0,
          "attributes": {
            "allocation_method": "Static",
            "domain_name_label": "adlabforazure",
            "edge_zone": "",
            "fqdn": "adlabforazure.australiaeast.cloudapp.azure.com",
            "id": "/subscriptions/fa1350e2-c3a5-453e-ba0f-ff5e7e994a49/resourceGroups/ad-cloud-lab/providers/Microsoft.Network/publicIPAddresses/ad-cloudlab-ip",
            "idle_timeout_in_minutes": 4,
            "ip_address": "20.211.160.31",
            "ip_tags": {},
            "ip_version": "IPv4",
            "location": "australiaeast",
            "name": "ad-cloudlab-ip",
            "public_ip_prefix_id": null,
            "resource_group_name": "ad-cloud-lab",
            "reverse_fqdn": "",
            "sku": "Standard",
            "sku_tier": "Regional",
            "tags": {},
            "timeouts": null,
            "zones": []
          },
          "sensitive_attributes": [],
          "private": "eyJlMmJmYjczMC1lY2FhLTExZTYtOGY4OC0zNDM2M2JjN2M0YzAiOnsiY3JlYXRlIjoxODAwMDAwMDAwMDAwLCJkZWxldGUiOjE4MDAwMDAwMDAwMDAsInJlYWQiOjMwMDAwMDAwMDAwMCwidXBkYXRlIjoxODAwMDAwMDAwMDAwfX0=",
          "dependencies": [
            "azurerm_resource_group.main"
          ]
        }
      ]
    },
    {
      "mode": "managed",
      "type": "azurerm_public_ip",
      "name": "ad-cloudlab-ip-nat",
      "provider": "provider[\"registry.terraform.io/hashicorp/azurerm\"]",
      "instances": [
        {
          "schema_version": 0,
          "attributes": {
            "allocation_method": "Static",
            "domain_name_label": null,
            "edge_zone": "",
            "fqdn": null,
            "id": "/subscriptions/fa1350e2-c3a5-453e-ba0f-ff5e7e994a49/resourceGroups/ad-cloud-lab/providers/Microsoft.Network/publicIPAddresses/ad-cloudlab-ip-nat",
            "idle_timeout_in_minutes": 4,
            "ip_address": "20.211.160.27",
            "ip_tags": {},
            "ip_version": "IPv4",
            "location": "australiaeast",
            "name": "ad-cloudlab-ip-nat",
            "public_ip_prefix_id": null,
            "resource_group_name": "ad-cloud-lab",
            "reverse_fqdn": null,
            "sku": "Standard",
            "sku_tier": "Regional",
            "tags": {},
            "timeouts": null,
            "zones": []
          },
          "sensitive_attributes": [],
          "private": "eyJlMmJmYjczMC1lY2FhLTExZTYtOGY4OC0zNDM2M2JjN2M0YzAiOnsiY3JlYXRlIjoxODAwMDAwMDAwMDAwLCJkZWxldGUiOjE4MDAwMDAwMDAwMDAsInJlYWQiOjMwMDAwMDAwMDAwMCwidXBkYXRlIjoxODAwMDAwMDAwMDAwfX0=",
          "dependencies": [
            "azurerm_resource_group.main"
          ]
        }
      ]
    },
    {
      "mode": "managed",
      "type": "azurerm_resource_group",
      "name": "main",
      "provider": "provider[\"registry.terraform.io/hashicorp/azurerm\"]",
      "instances": [
        {
          "schema_version": 0,
          "attributes": {
            "id": "/subscriptions/fa1350e2-c3a5-453e-ba0f-ff5e7e994a49/resourceGroups/ad-cloud-lab",
            "location": "australiaeast",
            "name": "ad-cloud-lab",
            "tags": {},
            "timeouts": null
          },
          "sensitive_attributes": [],
          "private": "eyJlMmJmYjczMC1lY2FhLTExZTYtOGY4OC0zNDM2M2JjN2M0YzAiOnsiY3JlYXRlIjo1NDAwMDAwMDAwMDAwLCJkZWxldGUiOjU0MDAwMDAwMDAwMDAsInJlYWQiOjMwMDAwMDAwMDAwMCwidXBkYXRlIjo1NDAwMDAwMDAwMDAwfX0="
        }
      ]
    },
    {
      "mode": "managed",
      "type": "azurerm_subnet",
      "name": "ad-cloudlab-subnet",
      "provider": "provider[\"registry.terraform.io/hashicorp/azurerm\"]",
      "instances": [
        {
          "schema_version": 0,
          "attributes": {
            "address_prefixes": [
              "10.0.0.0/24"
            ],
            "delegation": [],
            "enforce_private_link_endpoint_network_policies": false,
            "enforce_private_link_service_network_policies": false,
            "id": "/subscriptions/fa1350e2-c3a5-453e-ba0f-ff5e7e994a49/resourceGroups/ad-cloud-lab/providers/Microsoft.Network/virtualNetworks/ad-cloudlab-vnet/subnets/ad-cloudlab-subnet",
            "name": "ad-cloudlab-subnet",
            "resource_group_name": "ad-cloud-lab",
            "service_endpoint_policy_ids": [],
            "service_endpoints": [],
            "timeouts": null,
            "virtual_network_name": "ad-cloudlab-vnet"
          },
          "sensitive_attributes": [],
          "private": "eyJlMmJmYjczMC1lY2FhLTExZTYtOGY4OC0zNDM2M2JjN2M0YzAiOnsiY3JlYXRlIjoxODAwMDAwMDAwMDAwLCJkZWxldGUiOjE4MDAwMDAwMDAwMDAsInJlYWQiOjMwMDAwMDAwMDAwMCwidXBkYXRlIjoxODAwMDAwMDAwMDAwfX0=",
          "dependencies": [
            "azurerm_resource_group.main",
            "azurerm_virtual_network.ad-cloudlab-vnet"
          ]
        }
      ]
    },
    {
      "mode": "managed",
      "type": "azurerm_subnet_nat_gateway_association",
      "name": "cloudlabs-nat-gateway-subnet",
      "provider": "provider[\"registry.terraform.io/hashicorp/azurerm\"]",
      "instances": [
        {
          "schema_version": 0,
          "attributes": {
            "id": "/subscriptions/fa1350e2-c3a5-453e-ba0f-ff5e7e994a49/resourceGroups/ad-cloud-lab/providers/Microsoft.Network/virtualNetworks/ad-cloudlab-vnet/subnets/ad-cloudlab-subnet",
            "nat_gateway_id": "/subscriptions/fa1350e2-c3a5-453e-ba0f-ff5e7e994a49/resourceGroups/ad-cloud-lab/providers/Microsoft.Network/natGateways/ad-cloudlab-nat-gateway",
            "subnet_id": "/subscriptions/fa1350e2-c3a5-453e-ba0f-ff5e7e994a49/resourceGroups/ad-cloud-lab/providers/Microsoft.Network/virtualNetworks/ad-cloudlab-vnet/subnets/ad-cloudlab-subnet",
            "timeouts": null
          },
          "sensitive_attributes": [],
          "private": "eyJlMmJmYjczMC1lY2FhLTExZTYtOGY4OC0zNDM2M2JjN2M0YzAiOnsiY3JlYXRlIjoxODAwMDAwMDAwMDAwLCJkZWxldGUiOjE4MDAwMDAwMDAwMDAsInJlYWQiOjMwMDAwMDAwMDAwMCwidXBkYXRlIjoxODAwMDAwMDAwMDAwfX0=",
          "dependencies": [
            "azurerm_nat_gateway.ad-cloudlab-nat-gateway",
            "azurerm_resource_group.main",
            "azurerm_subnet.ad-cloudlab-subnet",
            "azurerm_virtual_network.ad-cloudlab-vnet"
          ]
        }
      ]
    },
    {
      "mode": "managed",
      "type": "azurerm_subnet_network_security_group_association",
      "name": "ad-cloudlab-nsga",
      "provider": "provider[\"registry.terraform.io/hashicorp/azurerm\"]",
      "instances": [
        {
          "schema_version": 0,
          "attributes": {
            "id": "/subscriptions/fa1350e2-c3a5-453e-ba0f-ff5e7e994a49/resourceGroups/ad-cloud-lab/providers/Microsoft.Network/virtualNetworks/ad-cloudlab-vnet/subnets/ad-cloudlab-subnet",
            "network_security_group_id": "/subscriptions/fa1350e2-c3a5-453e-ba0f-ff5e7e994a49/resourceGroups/ad-cloud-lab/providers/Microsoft.Network/networkSecurityGroups/ad-cloudlab-nsg",
            "subnet_id": "/subscriptions/fa1350e2-c3a5-453e-ba0f-ff5e7e994a49/resourceGroups/ad-cloud-lab/providers/Microsoft.Network/virtualNetworks/ad-cloudlab-vnet/subnets/ad-cloudlab-subnet",
            "timeouts": null
          },
          "sensitive_attributes": [],
          "private": "eyJlMmJmYjczMC1lY2FhLTExZTYtOGY4OC0zNDM2M2JjN2M0YzAiOnsiY3JlYXRlIjoxODAwMDAwMDAwMDAwLCJkZWxldGUiOjE4MDAwMDAwMDAwMDAsInJlYWQiOjMwMDAwMDAwMDAwMCwidXBkYXRlIjoxODAwMDAwMDAwMDAwfX0=",
          "dependencies": [
            "azurerm_network_security_group.ad-cloudlab-nsg",
            "azurerm_resource_group.main",
            "azurerm_subnet.ad-cloudlab-subnet",
            "azurerm_virtual_network.ad-cloudlab-vnet"
          ]
        }
      ]
    },
    {
      "mode": "managed",
      "type": "azurerm_virtual_machine_extension",
      "name": "winrm-extension-dc",
      "provider": "provider[\"registry.terraform.io/hashicorp/azurerm\"]",
      "instances": [
        {
          "schema_version": 0,
          "attributes": {
            "auto_upgrade_minor_version": false,
            "automatic_upgrade_enabled": false,
            "id": "/subscriptions/fa1350e2-c3a5-453e-ba0f-ff5e7e994a49/resourceGroups/ad-cloud-lab/providers/Microsoft.Compute/virtualMachines/ad-cloudlab-vm-dc/extensions/vmext",
            "name": "vmext",
            "protected_settings": null,
            "publisher": "Microsoft.Compute",
            "settings": "{\"commandToExecute\":\"powershell -ExecutionPolicy Unrestricted -File ConfigureRemotingForAnsible.ps1\",\"fileUris\":[\"https://raw.githubusercontent.com/chvancooten/CloudLabsAD/main/Terraform/files/ConfigureRemotingForAnsible.ps1\"]}",
            "tags": {},
            "timeouts": null,
            "type": "CustomScriptExtension",
            "type_handler_version": "1.9",
            "virtual_machine_id": "/subscriptions/fa1350e2-c3a5-453e-ba0f-ff5e7e994a49/resourceGroups/ad-cloud-lab/providers/Microsoft.Compute/virtualMachines/ad-cloudlab-vm-dc"
          },
          "sensitive_attributes": [],
          "private": "eyJlMmJmYjczMC1lY2FhLTExZTYtOGY4OC0zNDM2M2JjN2M0YzAiOnsiY3JlYXRlIjoxODAwMDAwMDAwMDAwLCJkZWxldGUiOjE4MDAwMDAwMDAwMDAsInJlYWQiOjMwMDAwMDAwMDAwMCwidXBkYXRlIjoxODAwMDAwMDAwMDAwfX0=",
          "dependencies": [
            "azurerm_nat_gateway.ad-cloudlab-nat-gateway",
            "azurerm_network_interface.ad-cloudlab-vm-dc-nic",
            "azurerm_resource_group.main",
            "azurerm_subnet.ad-cloudlab-subnet",
            "azurerm_virtual_network.ad-cloudlab-vnet",
            "azurerm_windows_virtual_machine.ad-cloudlab-vm-dc"
          ]
        }
      ]
    },
    {
      "mode": "managed",
      "type": "azurerm_virtual_machine_extension",
      "name": "winrm-extension-server1",
      "provider": "provider[\"registry.terraform.io/hashicorp/azurerm\"]",
      "instances": [
        {
          "schema_version": 0,
          "attributes": {
            "auto_upgrade_minor_version": false,
            "automatic_upgrade_enabled": false,
            "id": "/subscriptions/fa1350e2-c3a5-453e-ba0f-ff5e7e994a49/resourceGroups/ad-cloud-lab/providers/Microsoft.Compute/virtualMachines/ad-cloudlab-vm-server1/extensions/vmext",
            "name": "vmext",
            "protected_settings": null,
            "publisher": "Microsoft.Compute",
            "settings": "{\"commandToExecute\":\"powershell -ExecutionPolicy Unrestricted -File ConfigureRemotingForAnsible.ps1\",\"fileUris\":[\"https://raw.githubusercontent.com/chvancooten/CloudLabsAD/main/Terraform/files/ConfigureRemotingForAnsible.ps1\"]}",
            "tags": {},
            "timeouts": null,
            "type": "CustomScriptExtension",
            "type_handler_version": "1.9",
            "virtual_machine_id": "/subscriptions/fa1350e2-c3a5-453e-ba0f-ff5e7e994a49/resourceGroups/ad-cloud-lab/providers/Microsoft.Compute/virtualMachines/ad-cloudlab-vm-server1"
          },
          "sensitive_attributes": [],
          "private": "eyJlMmJmYjczMC1lY2FhLTExZTYtOGY4OC0zNDM2M2JjN2M0YzAiOnsiY3JlYXRlIjoxODAwMDAwMDAwMDAwLCJkZWxldGUiOjE4MDAwMDAwMDAwMDAsInJlYWQiOjMwMDAwMDAwMDAwMCwidXBkYXRlIjoxODAwMDAwMDAwMDAwfX0=",
          "dependencies": [
            "azurerm_nat_gateway.ad-cloudlab-nat-gateway",
            "azurerm_network_interface.ad-cloudlab-vm-dc-nic",
            "azurerm_network_interface.ad-cloudlab-vm-server1-nic",
            "azurerm_resource_group.main",
            "azurerm_subnet.ad-cloudlab-subnet",
            "azurerm_virtual_network.ad-cloudlab-vnet",
            "azurerm_windows_virtual_machine.ad-cloudlab-vm-dc",
            "azurerm_windows_virtual_machine.ad-cloudlab-vm-server1"
          ]
        }
      ]
    },
    {
      "mode": "managed",
      "type": "azurerm_virtual_network",
      "name": "ad-cloudlab-vnet",
      "provider": "provider[\"registry.terraform.io/hashicorp/azurerm\"]",
      "instances": [
        {
          "schema_version": 0,
          "attributes": {
            "address_space": [
              "10.0.0.0/16"
            ],
            "bgp_community": "",
            "ddos_protection_plan": [],
            "dns_servers": [],
            "edge_zone": "",
            "flow_timeout_in_minutes": 0,
            "guid": "ca6bbbce-392c-4eed-8a2b-e75b968ec134",
            "id": "/subscriptions/fa1350e2-c3a5-453e-ba0f-ff5e7e994a49/resourceGroups/ad-cloud-lab/providers/Microsoft.Network/virtualNetworks/ad-cloudlab-vnet",
            "location": "australiaeast",
            "name": "ad-cloudlab-vnet",
            "resource_group_name": "ad-cloud-lab",
            "subnet": [
              {
                "address_prefix": "10.0.0.0/24",
                "id": "/subscriptions/fa1350e2-c3a5-453e-ba0f-ff5e7e994a49/resourceGroups/ad-cloud-lab/providers/Microsoft.Network/virtualNetworks/ad-cloudlab-vnet/subnets/ad-cloudlab-subnet",
                "name": "ad-cloudlab-subnet",
                "security_group": "/subscriptions/fa1350e2-c3a5-453e-ba0f-ff5e7e994a49/resourceGroups/ad-cloud-lab/providers/Microsoft.Network/networkSecurityGroups/ad-cloudlab-nsg"
              }
            ],
            "tags": {},
            "timeouts": null
          },
          "sensitive_attributes": [],
          "private": "eyJlMmJmYjczMC1lY2FhLTExZTYtOGY4OC0zNDM2M2JjN2M0YzAiOnsiY3JlYXRlIjoxODAwMDAwMDAwMDAwLCJkZWxldGUiOjE4MDAwMDAwMDAwMDAsInJlYWQiOjMwMDAwMDAwMDAwMCwidXBkYXRlIjoxODAwMDAwMDAwMDAwfX0=",
          "dependencies": [
            "azurerm_resource_group.main"
          ]
        }
      ]
    },
    {
      "mode": "managed",
      "type": "azurerm_windows_virtual_machine",
      "name": "ad-cloudlab-vm-dc",
      "provider": "provider[\"registry.terraform.io/hashicorp/azurerm\"]",
      "instances": [
        {
          "schema_version": 0,
          "attributes": {
            "additional_capabilities": [],
            "additional_unattend_content": [
              {
                "content": "\u003cAutoLogon\u003e\n\t\u003cPassword\u003e\n\t\t\u003cValue\u003e${random_string.windows_password.result}\u003c/Value\u003e\n\t\u003c/Password\u003e\n\t\u003cEnabled\u003etrue\u003c/Enabled\u003e\n\t\u003cLogonCount\u003e1\u003c/LogonCount\u003e\n\t\u003cUsername\u003e${var.windows-admin}\u003c/Username\u003e\n\u003c/AutoLogon\u003e",
                "setting": "AutoLogon"
              },
              {
                "content": "\u003cFirstLogonCommands\u003e\r\n    \u003cSynchronousCommand\u003e\r\n            \u003cCommandLine\u003ecmd /c \"mkdir C:\\terraform\"\u003c/CommandLine\u003e\r\n            \u003cDescription\u003eCreate the Terraform working directory\u003c/Description\u003e\r\n            \u003cOrder\u003e11\u003c/Order\u003e\r\n        \u003c/SynchronousCommand\u003e\r\n    \u003cSynchronousCommand\u003e\r\n            \u003cCommandLine\u003ecmd /c \"copy C:\\AzureData\\CustomData.bin C:\\terraform\\winrm.ps1\"\u003c/CommandLine\u003e\r\n            \u003cDescription\u003eMove the CustomData file to the working directory\u003c/Description\u003e\r\n            \u003cOrder\u003e12\u003c/Order\u003e\r\n        \u003c/SynchronousCommand\u003e\r\n    \u003cSynchronousCommand\u003e\r\n            \u003cCommandLine\u003epowershell.exe -sta -ExecutionPolicy Unrestricted -file C:\\terraform\\winrm.ps1\u003c/CommandLine\u003e\r\n            \u003cDescription\u003eMove the CustomData file to the working directory\u003c/Description\u003e\r\n            \u003cOrder\u003e13\u003c/Order\u003e\r\n        \u003c/SynchronousCommand\u003e\r\n\u003c/FirstLogonCommands\u003e",
                "setting": "FirstLogonCommands"
              }
            ],
            "admin_password": "akevX:ZWnc6V8\u0026-x",
            "admin_username": "windowsadmin",
            "allow_extension_operations": true,
            "availability_set_id": "",
            "boot_diagnostics": [],
            "computer_name": "dc",
            "custom_data": null,
            "dedicated_host_group_id": "",
            "dedicated_host_id": "",
            "edge_zone": "",
            "enable_automatic_updates": true,
            "encryption_at_host_enabled": false,
            "eviction_policy": "",
            "extensions_time_budget": "PT1H30M",
            "hotpatching_enabled": false,
            "id": "/subscriptions/fa1350e2-c3a5-453e-ba0f-ff5e7e994a49/resourceGroups/ad-cloud-lab/providers/Microsoft.Compute/virtualMachines/ad-cloudlab-vm-dc",
            "identity": [],
            "license_type": "",
            "location": "australiaeast",
            "max_bid_price": -1,
            "name": "ad-cloudlab-vm-dc",
            "network_interface_ids": [
              "/subscriptions/fa1350e2-c3a5-453e-ba0f-ff5e7e994a49/resourceGroups/ad-cloud-lab/providers/Microsoft.Network/networkInterfaces/ad-cloudlab-vm-dc-nic"
            ],
            "os_disk": [
              {
                "caching": "ReadWrite",
                "diff_disk_settings": [],
                "disk_encryption_set_id": "",
                "disk_size_gb": 127,
                "name": "ad-cloudlab-vm-dc-osdisk",
                "storage_account_type": "StandardSSD_LRS",
                "write_accelerator_enabled": false
              }
            ],
            "patch_mode": "AutomaticByOS",
            "plan": [],
            "platform_fault_domain": -1,
            "priority": "Regular",
            "private_ip_address": "10.0.0.9",
            "private_ip_addresses": [
              "10.0.0.9"
            ],
            "provision_vm_agent": true,
            "proximity_placement_group_id": "",
            "public_ip_address": "",
            "public_ip_addresses": [],
            "resource_group_name": "ad-cloud-lab",
            "secret": [],
            "secure_boot_enabled": false,
            "size": "Standard_D2as_v4",
            "source_image_id": "",
            "source_image_reference": [
              {
                "offer": "WindowsServer",
                "publisher": "MicrosoftWindowsServer",
                "sku": "2019-Datacenter",
                "version": "latest"
              }
            ],
            "tags": {},
            "termination_notification": [],
            "timeouts": null,
            "timezone": "W. Europe Standard Time",
            "user_data": "",
            "virtual_machine_id": "e8200b4c-89c4-4a28-9814-ea3743e47f38",
            "virtual_machine_scale_set_id": "",
            "vtpm_enabled": false,
            "winrm_listener": [],
            "zone": ""
          },
          "sensitive_attributes": [],
          "private": "eyJlMmJmYjczMC1lY2FhLTExZTYtOGY4OC0zNDM2M2JjN2M0YzAiOnsiY3JlYXRlIjoyNzAwMDAwMDAwMDAwLCJkZWxldGUiOjI3MDAwMDAwMDAwMDAsInJlYWQiOjMwMDAwMDAwMDAwMCwidXBkYXRlIjoyNzAwMDAwMDAwMDAwfX0=",
          "dependencies": [
            "azurerm_nat_gateway.ad-cloudlab-nat-gateway",
            "azurerm_network_interface.ad-cloudlab-vm-dc-nic",
            "azurerm_resource_group.main",
            "azurerm_subnet.ad-cloudlab-subnet",
            "azurerm_virtual_network.ad-cloudlab-vnet"
          ]
        }
      ]
    },
    {
      "mode": "managed",
      "type": "azurerm_windows_virtual_machine",
      "name": "ad-cloudlab-vm-server1",
      "provider": "provider[\"registry.terraform.io/hashicorp/azurerm\"]",
      "instances": [
        {
          "schema_version": 0,
          "attributes": {
            "additional_capabilities": [],
            "additional_unattend_content": [
              {
                "content": "\u003cAutoLogon\u003e\n\t\u003cPassword\u003e\n\t\t\u003cValue\u003e${random_string.windows_password.result}\u003c/Value\u003e\n\t\u003c/Password\u003e\n\t\u003cEnabled\u003etrue\u003c/Enabled\u003e\n\t\u003cLogonCount\u003e1\u003c/LogonCount\u003e\n\t\u003cUsername\u003e${var.windows-admin}\u003c/Username\u003e\n\u003c/AutoLogon\u003e",
                "setting": "AutoLogon"
              },
              {
                "content": "\u003cFirstLogonCommands\u003e\r\n    \u003cSynchronousCommand\u003e\r\n            \u003cCommandLine\u003ecmd /c \"mkdir C:\\terraform\"\u003c/CommandLine\u003e\r\n            \u003cDescription\u003eCreate the Terraform working directory\u003c/Description\u003e\r\n            \u003cOrder\u003e11\u003c/Order\u003e\r\n        \u003c/SynchronousCommand\u003e\r\n    \u003cSynchronousCommand\u003e\r\n            \u003cCommandLine\u003ecmd /c \"copy C:\\AzureData\\CustomData.bin C:\\terraform\\winrm.ps1\"\u003c/CommandLine\u003e\r\n            \u003cDescription\u003eMove the CustomData file to the working directory\u003c/Description\u003e\r\n            \u003cOrder\u003e12\u003c/Order\u003e\r\n        \u003c/SynchronousCommand\u003e\r\n    \u003cSynchronousCommand\u003e\r\n            \u003cCommandLine\u003epowershell.exe -sta -ExecutionPolicy Unrestricted -file C:\\terraform\\winrm.ps1\u003c/CommandLine\u003e\r\n            \u003cDescription\u003eMove the CustomData file to the working directory\u003c/Description\u003e\r\n            \u003cOrder\u003e13\u003c/Order\u003e\r\n        \u003c/SynchronousCommand\u003e\r\n\u003c/FirstLogonCommands\u003e",
                "setting": "FirstLogonCommands"
              }
            ],
            "admin_password": "akevX:ZWnc6V8\u0026-x",
            "admin_username": "windowsadmin",
            "allow_extension_operations": true,
            "availability_set_id": "",
            "boot_diagnostics": [],
            "computer_name": "server-2019",
            "custom_data": null,
            "dedicated_host_group_id": "",
            "dedicated_host_id": "",
            "edge_zone": "",
            "enable_automatic_updates": true,
            "encryption_at_host_enabled": false,
            "eviction_policy": "",
            "extensions_time_budget": "PT1H30M",
            "hotpatching_enabled": false,
            "id": "/subscriptions/fa1350e2-c3a5-453e-ba0f-ff5e7e994a49/resourceGroups/ad-cloud-lab/providers/Microsoft.Compute/virtualMachines/ad-cloudlab-vm-server1",
            "identity": [],
            "license_type": "",
            "location": "australiaeast",
            "max_bid_price": -1,
            "name": "ad-cloudlab-vm-server1",
            "network_interface_ids": [
              "/subscriptions/fa1350e2-c3a5-453e-ba0f-ff5e7e994a49/resourceGroups/ad-cloud-lab/providers/Microsoft.Network/networkInterfaces/ad-cloudlab-vm-server1-nic"
            ],
            "os_disk": [
              {
                "caching": "ReadWrite",
                "diff_disk_settings": [],
                "disk_encryption_set_id": "",
                "disk_size_gb": 127,
                "name": "ad-cloudlab-vm-server1-osdisk",
                "storage_account_type": "StandardSSD_LRS",
                "write_accelerator_enabled": false
              }
            ],
            "patch_mode": "AutomaticByOS",
            "plan": [],
            "platform_fault_domain": -1,
            "priority": "Regular",
            "private_ip_address": "10.0.0.19",
            "private_ip_addresses": [
              "10.0.0.19"
            ],
            "provision_vm_agent": true,
            "proximity_placement_group_id": "",
            "public_ip_address": "",
            "public_ip_addresses": [],
            "resource_group_name": "ad-cloud-lab",
            "secret": [],
            "secure_boot_enabled": false,
            "size": "Standard_D2as_v4",
            "source_image_id": "",
            "source_image_reference": [
              {
                "offer": "WindowsServer",
                "publisher": "MicrosoftWindowsServer",
                "sku": "2019-Datacenter",
                "version": "latest"
              }
            ],
            "tags": {},
            "termination_notification": [],
            "timeouts": null,
            "timezone": "W. Europe Standard Time",
            "user_data": "",
            "virtual_machine_id": "3ed61947-d80e-4367-9606-433e92c912a9",
            "virtual_machine_scale_set_id": "",
            "vtpm_enabled": false,
            "winrm_listener": [],
            "zone": ""
          },
          "sensitive_attributes": [],
          "private": "eyJlMmJmYjczMC1lY2FhLTExZTYtOGY4OC0zNDM2M2JjN2M0YzAiOnsiY3JlYXRlIjoyNzAwMDAwMDAwMDAwLCJkZWxldGUiOjI3MDAwMDAwMDAwMDAsInJlYWQiOjMwMDAwMDAwMDAwMCwidXBkYXRlIjoyNzAwMDAwMDAwMDAwfX0=",
          "dependencies": [
            "azurerm_nat_gateway.ad-cloudlab-nat-gateway",
            "azurerm_network_interface.ad-cloudlab-vm-dc-nic",
            "azurerm_network_interface.ad-cloudlab-vm-server1-nic",
            "azurerm_resource_group.main",
            "azurerm_subnet.ad-cloudlab-subnet",
            "azurerm_virtual_network.ad-cloudlab-vnet",
            "azurerm_windows_virtual_machine.ad-cloudlab-vm-dc"
          ]
        }
      ]
    },
    {
      "mode": "managed",
      "type": "null_resource",
      "name": "ansible-provisioning-jumpbox",
      "provider": "provider[\"registry.terraform.io/hashicorp/null\"]",
      "instances": [
        {
          "schema_version": 0,
          "attributes": {
            "id": "9053000451805914838",
            "triggers": {
              "always_run": "2022-04-27T21:36:07Z"
            }
          },
          "sensitive_attributes": [],
          "private": "bnVsbA==",
          "dependencies": [
            "azurerm_nat_gateway.ad-cloudlab-nat-gateway",
            "azurerm_public_ip.ad-cloudlab-ip",
            "random_string.linux_password"
          ]
        }
      ]
    },
    {
      "mode": "managed",
      "type": "random_string",
      "name": "linux_password",
      "provider": "provider[\"registry.terraform.io/hashicorp/random\"]",
      "instances": [
        {
          "schema_version": 1,
          "attributes": {
            "id": "v6g10q?dPLR3d2#4",
            "keepers": null,
            "length": 16,
            "lower": true,
            "min_lower": 0,
            "min_numeric": 1,
            "min_special": 0,
            "min_upper": 1,
            "number": true,
            "override_special": null,
            "result": "v6g10q?dPLR3d2#4",
            "special": true,
            "upper": true
          },
          "sensitive_attributes": [],
          "private": "eyJzY2hlbWFfdmVyc2lvbiI6IjEifQ=="
        }
      ]
    }
  ]
}
